schema: '2.0'
stages:
  data_agpt:
    cmd: bash run_id_prop.sh
    deps:
    - path: run_id_prop.sh
      hash: md5
      md5: f8f06a3d7b59295d75b96520979f98e2
      size: 258
      isexec: true
    outs:
    - path: agpt_tc_supercon
      hash: md5
      md5: fd4176d81a9430ee0204fb309fe246df.dir
      size: 332906
      nfiles: 1001
  data_cdvae:
    cmd: bash run_cdvae_data.sh
    deps:
    - path: run_cdvae_data.sh
      hash: md5
      md5: 590b22ae47968be91194fc9f6d57016e
      size: 626
      isexec: true
    outs:
    - path: ../models/cdvae/conf/data/supercon.yaml
      hash: md5
      md5: eff3ab2a48ede6791ac51e36b8ca44dd
      size: 182394
      isexec: true
    - path: ../models/cdvae/data/supercon
      hash: md5
      md5: 1560967ce519d380bd1804b975f399af.dir
      size: 969525
      nfiles: 3
  agpt:
    cmd: bash scripts/run_id_prop.sh
    deps:
    - path: scripts/run_id_prop.sh
      hash: md5
      md5: 396607484b12dd6c0245cf109c1cc624
      size: 266
      isexec: true
    outs:
    - path: agpt_tc_supercon
      hash: md5
      md5: fd4176d81a9430ee0204fb309fe246df.dir
      size: 332906
      nfiles: 1001
  cdvae:
    cmd: bash scripts/run_cdvae_data.sh
    deps:
    - path: scripts/run_cdvae_data.sh
      hash: md5
      md5: 2baa451dd6f303ecdf26d7f0c791ec03
      size: 466
      isexec: true
    outs:
    - path: ../models/cdvae/data/supercon
      hash: md5
      md5: d6c0c48ff46b968ea4293b1117826a18.dir
      size: 916048
      nfiles: 3
  flowmm:
    cmd: bash scripts/run_flowmm_data.sh
    deps:
    - path: scripts/run_flowmm_data.sh
      hash: md5
      md5: e786136925fc7ef5cfc2010c2b912220
      size: 552
      isexec: true
    outs:
    - path: ../models/flowmm/data/supercon
      hash: md5
      md5: 57454aa2fe595254f2167e43c6b6d0af.dir
      size: 49916
      nfiles: 3
