schema: '2.0'
stages:
  data_agpt:
    cmd: bash run_id_prop.sh
    deps:
    - path: run_id_prop.sh
      hash: md5
      md5: f8f06a3d7b59295d75b96520979f98e2
      size: 258
      isexec: true
    outs:
    - path: agpt_tc_supercon
      hash: md5
      md5: fd4176d81a9430ee0204fb309fe246df.dir
      size: 332906
      nfiles: 1001
